
Microsoft Visual Studio Solution File, Format Version 12.00
# Visual Studio Version 17
VisualStudioVersion = 17.8.34525.116
MinimumVisualStudioVersion = 10.0.40219.1
Project("{FAE04EC0-301F-11D3-BF4B-00C04F79EFBC}") = "TehtäväSovellusArkki", "TehtäväSovellusArkki\TehtäväSovellusArkki.csproj", "{4AC3C17F-2B3C-4625-8E02-57A5CF8131DD}"
EndProject
Global
	GlobalSection(SolutionConfigurationPlatforms) = preSolution
		Debug|Any CPU = Debug|Any CPU
		Release|Any CPU = Release|Any CPU
	EndGlobalSection
	GlobalSection(ProjectConfigurationPlatforms) = postSolution
		{4AC3C17F-2B3C-4625-8E02-57A5CF8131DD}.Debug|Any CPU.ActiveCfg = Debug|Any CPU
		{4AC3C17F-2B3C-4625-8E02-57A5CF8131DD}.Debug|Any CPU.Build.0 = Debug|Any CPU
		{4AC3C17F-2B3C-4625-8E02-57A5CF8131DD}.Release|Any CPU.ActiveCfg = Release|Any CPU
		{4AC3C17F-2B3C-4625-8E02-57A5CF8131DD}.Release|Any CPU.Build.0 = Release|Any CPU
	EndGlobalSection
	GlobalSection(SolutionProperties) = preSolution
		HideSolutionNode = FALSE
	EndGlobalSection
	GlobalSection(ExtensibilityGlobals) = postSolution
		SolutionGuid = {C6558724-4D40-4774-A04A-4FFB31B165C1}
	EndGlobalSection
EndGlobal
